
Microsoft Visual Studio Solution File, Format Version 12.00
# Visual Studio Version 16
VisualStudioVersion = 16.0.32630.194
MinimumVisualStudioVersion = 10.0.40219.1
Project("{FAE04EC0-301F-11D3-BF4B-00C04F79EFBC}") = "AddantService", "AddantService\AddantService.csproj", "{DE91989B-3638-47B3-8B4A-83E5F6F14287}"
EndProject
Project("{FAE04EC0-301F-11D3-BF4B-00C04F79EFBC}") = "AddantDAL", "AddantSDAL\AddantDAL.csproj", "{73DA7233-BA3B-445B-8943-59DAC3AEB6AF}"
EndProject
Global
	GlobalSection(SolutionConfigurationPlatforms) = preSolution
		Debug|Any CPU = Debug|Any CPU
		Release|Any CPU = Release|Any CPU
	EndGlobalSection
	GlobalSection(ProjectConfigurationPlatforms) = postSolution
		{DE91989B-3638-47B3-8B4A-83E5F6F14287}.Debug|Any CPU.ActiveCfg = Debug|Any CPU
		{DE91989B-3638-47B3-8B4A-83E5F6F14287}.Debug|Any CPU.Build.0 = Debug|Any CPU
		{DE91989B-3638-47B3-8B4A-83E5F6F14287}.Release|Any CPU.ActiveCfg = Release|Any CPU
		{DE91989B-3638-47B3-8B4A-83E5F6F14287}.Release|Any CPU.Build.0 = Release|Any CPU
		{73DA7233-BA3B-445B-8943-59DAC3AEB6AF}.Debug|Any CPU.ActiveCfg = Debug|Any CPU
		{73DA7233-BA3B-445B-8943-59DAC3AEB6AF}.Debug|Any CPU.Build.0 = Debug|Any CPU
		{73DA7233-BA3B-445B-8943-59DAC3AEB6AF}.Release|Any CPU.ActiveCfg = Release|Any CPU
		{73DA7233-BA3B-445B-8943-59DAC3AEB6AF}.Release|Any CPU.Build.0 = Release|Any CPU
	EndGlobalSection
	GlobalSection(SolutionProperties) = preSolution
		HideSolutionNode = FALSE
	EndGlobalSection
	GlobalSection(ExtensibilityGlobals) = postSolution
		SolutionGuid = {01D5DCB2-3904-4DF1-8F41-146985B11093}
	EndGlobalSection
EndGlobal
